
Microsoft Visual Studio Solution File, Format Version 12.00
# Visual Studio Version 17
VisualStudioVersion = 17.4.33205.214
MinimumVisualStudioVersion = 10.0.40219.1
Project("{9A19103F-16F7-4668-BE54-9A1E7A4F7556}") = "Raspberry.Client", "Raspberry.Client\Raspberry.Client.csproj", "{160ACDE2-E567-4B7C-9381-3B8BE97F55AD}"
EndProject
Project("{888888A0-9F3D-457C-B088-3A5042F75D52}") = "Raspberry.Server", "Raspberry.Server\Raspberry.Server.pyproj", "{5A3C6887-72E7-445F-BF59-17A4E64CBBD7}"
EndProject
Project("{9A19103F-16F7-4668-BE54-9A1E7A4F7556}") = "Raspberry.App", "Raspberry.App\Raspberry.App.csproj", "{0467F1A7-BF11-47C2-BF44-ED75DF424612}"
EndProject
Global
	GlobalSection(SolutionConfigurationPlatforms) = preSolution
		Debug|Any CPU = Debug|Any CPU
		Release|Any CPU = Release|Any CPU
	EndGlobalSection
	GlobalSection(ProjectConfigurationPlatforms) = postSolution
		{160ACDE2-E567-4B7C-9381-3B8BE97F55AD}.Debug|Any CPU.ActiveCfg = Debug|Any CPU
		{160ACDE2-E567-4B7C-9381-3B8BE97F55AD}.Debug|Any CPU.Build.0 = Debug|Any CPU
		{160ACDE2-E567-4B7C-9381-3B8BE97F55AD}.Release|Any CPU.ActiveCfg = Release|Any CPU
		{160ACDE2-E567-4B7C-9381-3B8BE97F55AD}.Release|Any CPU.Build.0 = Release|Any CPU
		{5A3C6887-72E7-445F-BF59-17A4E64CBBD7}.Debug|Any CPU.ActiveCfg = Debug|Any CPU
		{5A3C6887-72E7-445F-BF59-17A4E64CBBD7}.Release|Any CPU.ActiveCfg = Release|Any CPU
		{0467F1A7-BF11-47C2-BF44-ED75DF424612}.Debug|Any CPU.ActiveCfg = Debug|Any CPU
		{0467F1A7-BF11-47C2-BF44-ED75DF424612}.Debug|Any CPU.Build.0 = Debug|Any CPU
		{0467F1A7-BF11-47C2-BF44-ED75DF424612}.Debug|Any CPU.Deploy.0 = Debug|Any CPU
		{0467F1A7-BF11-47C2-BF44-ED75DF424612}.Release|Any CPU.ActiveCfg = Release|Any CPU
		{0467F1A7-BF11-47C2-BF44-ED75DF424612}.Release|Any CPU.Build.0 = Release|Any CPU
		{0467F1A7-BF11-47C2-BF44-ED75DF424612}.Release|Any CPU.Deploy.0 = Release|Any CPU
	EndGlobalSection
	GlobalSection(SolutionProperties) = preSolution
		HideSolutionNode = FALSE
	EndGlobalSection
	GlobalSection(ExtensibilityGlobals) = postSolution
		SolutionGuid = {80871773-0079-43A4-9A13-AE6DDE4A92DA}
	EndGlobalSection
EndGlobal
